PODS:
  - ActionSheetPicker-3.0 (2.2.0)
  - Alamofire (4.5.1)
  - AlecrimCoreData (5.0)
  - NVActivityIndicatorView (4.0.0):
    - NVActivityIndicatorView/Presenter (= 4.0.0)
  - NVActivityIndicatorView/Presenter (4.0.0)

DEPENDENCIES:
  - ActionSheetPicker-3.0
  - Alamofire
  - AlecrimCoreData
  - NVActivityIndicatorView

SPEC CHECKSUMS:
  ActionSheetPicker-3.0: d11a4c12c6aaf704b8a3f56d179198c99f3e41e6
  Alamofire: 2d95912bf4c34f164fdfc335872e8c312acaea4a
  AlecrimCoreData: f1251de3630f4d4d3a212e405298084c229cef29
  NVActivityIndicatorView: 54c9b93b6f25a4f467512680c0c90c09a1095cf2

PODFILE CHECKSUM: 3e6c651f7b49ea621a0fa4e045dd36b7d4dda852

COCOAPODS: 1.3.1
